{
  "object": {
    "pins": [
      {
        "package": "SwiftySensors",
        "repositoryURL": "https://github.com/kinetic-fit/sensors-swift",
        "state": {
          "branch": "master",
          "revision": "4525ec63ce2f21379235406b8fac61c9a99dbb56",
          "version": null
        }
      },
      {
        "package": "KineticSensors",
        "repositoryURL": "https://github.com/kinetic-fit/sensors-swift-kinetic",
        "state": {
          "branch": "master",
          "revision": "9335f102797f52e285054275cadcd1b3e15ae2ae",
          "version": null
        }
      },
      {
        "package": "Signals",
        "repositoryURL": "https://github.com/artman/Signals",
        "state": {
          "branch": null,
          "revision": "e792eb51a64f85d043d17f09f6323b803b9f73b8",
          "version": "6.1.0"
        }
      }
    ]
  },
  "version": 1
}
