PODS:
  - Signals (4.0.0)
  - SwiftySensors (0.3.3):
    - Signals (~> 4.0)
    - SwiftySensors/Serializers (= 0.3.3)
  - SwiftySensors/Serializers (0.3.3):
    - Signals (~> 4.0)

DEPENDENCIES:
  - Signals (~> 4.0)
  - SwiftySensors (~> 0.3)

SPEC CHECKSUMS:
  Signals: 6d818e1b7c39f2bf61cfef30bf314329990d1853
  SwiftySensors: d4d6a644bc253eeaeb3327ea5bc20edf4a3f9bf1

PODFILE CHECKSUM: 8ee5df9591c10d0902a3af4e3bebc6a1662c0f12

COCOAPODS: 1.2.1
