PODS:
  - Signals (5.0.0)
  - SwiftySensors (0.5.0):
    - Signals (~> 5.0)
    - SwiftySensors/Serializers (= 0.5.0)
  - SwiftySensors/Serializers (0.5.0):
    - Signals (~> 5.0)

DEPENDENCIES:
  - Signals
  - SwiftySensors (from `https://github.com/kinetic-fit/sensors-swift`)

EXTERNAL SOURCES:
  SwiftySensors:
    :git: https://github.com/kinetic-fit/sensors-swift

CHECKOUT OPTIONS:
  SwiftySensors:
    :commit: 2269a29cc1711d94d515e0518c39abef21788a08
    :git: https://github.com/kinetic-fit/sensors-swift

SPEC CHECKSUMS:
  Signals: 6c41253cc172e4251d6064341bbc555a589c8d9f
  SwiftySensors: 772f8dc082d698874439aff9397a71e16cff4d1c

PODFILE CHECKSUM: aab3cb062d14952238f7d162b261da78f785751d

COCOAPODS: 1.4.0.beta.2
