// !$*UTF8*$!
{
	archiveVersion = 1;
	classes = {
	};
	objectVersion = 46;
	objects = {

/* Begin PBXBuildFile section */
		234C60E2596441B98BAA735D /* Pods_SwiftySensorsTrainers_iOS.framework in Frameworks */ = {isa = PBXBuildFile; fileRef = 10F72E2DD4C28F17FD227581 /* Pods_SwiftySensorsTrainers_iOS.framework */; };
		2C3341E8067C395FF8158157 /* Pods_SwiftySensorsTrainers_macOS.framework in Frameworks */ = {isa = PBXBuildFile; fileRef = EFA1AC9FFD7F193D53E2022D /* Pods_SwiftySensorsTrainers_macOS.framework */; };
		8D45662A1ED7B85C00B056BF /* CycleOpsSerializer.swift in Sources */ = {isa = PBXBuildFile; fileRef = 8D4566281ED7B85C00B056BF /* CycleOpsSerializer.swift */; };
		8D45662B1ED7B85C00B056BF /* CycleOpsSerializer.swift in Sources */ = {isa = PBXBuildFile; fileRef = 8D4566281ED7B85C00B056BF /* CycleOpsSerializer.swift */; };
		8D45662C1ED7B85C00B056BF /* CycleOpsService.swift in Sources */ = {isa = PBXBuildFile; fileRef = 8D4566291ED7B85C00B056BF /* CycleOpsService.swift */; };
		8D45662D1ED7B85C00B056BF /* CycleOpsService.swift in Sources */ = {isa = PBXBuildFile; fileRef = 8D4566291ED7B85C00B056BF /* CycleOpsService.swift */; };
		8D722AF01ED4BBEC003C871E /* KineticControl.h in Headers */ = {isa = PBXBuildFile; fileRef = 8D7629A01ED3D58C00172CFF /* KineticControl.h */; };
		8D722AF11ED4BBEC003C871E /* KineticInRide.h in Headers */ = {isa = PBXBuildFile; fileRef = 8D7629A11ED3D58C00172CFF /* KineticInRide.h */; };
		8D722AF21ED4BBEC003C871E /* KineticSDK.h in Headers */ = {isa = PBXBuildFile; fileRef = 8D7629A21ED3D58C00172CFF /* KineticSDK.h */; };
		8D722AF31ED4BBF2003C871E /* libKineticSDKCocoa.a in Frameworks */ = {isa = PBXBuildFile; fileRef = 8D7629A51ED3D58C00172CFF /* libKineticSDKCocoa.a */; };
		8D722AF41ED4BBF7003C871E /* InRide2Service.swift in Sources */ = {isa = PBXBuildFile; fileRef = 8D7629AB1ED3D59900172CFF /* InRide2Service.swift */; };
		8D722AF51ED4BBF7003C871E /* SmartControlService.swift in Sources */ = {isa = PBXBuildFile; fileRef = 8D7629AC1ED3D59900172CFF /* SmartControlService.swift */; };
		8D722AF61ED4BBF7003C871E /* TacxSerializer.swift in Sources */ = {isa = PBXBuildFile; fileRef = 8D7629AD1ED3D59900172CFF /* TacxSerializer.swift */; };
		8D722AF71ED4BBF7003C871E /* TacxService.swift in Sources */ = {isa = PBXBuildFile; fileRef = 8D7629AE1ED3D59900172CFF /* TacxService.swift */; };
		8D722AF81ED4BBF7003C871E /* Trainers-Bridging-Header.h in Headers */ = {isa = PBXBuildFile; fileRef = 8D7629AF1ED3D59900172CFF /* Trainers-Bridging-Header.h */; };
		8D722AF91ED4BBF7003C871E /* WahooTrainerCharacteristic.swift in Sources */ = {isa = PBXBuildFile; fileRef = 8D7629B01ED3D59900172CFF /* WahooTrainerCharacteristic.swift */; };
		8D722AFA1ED4BBF7003C871E /* WahooTrainerSerializer.swift in Sources */ = {isa = PBXBuildFile; fileRef = 8D7629B11ED3D59900172CFF /* WahooTrainerSerializer.swift */; };
		8D7629A61ED3D58C00172CFF /* KineticControl.h in Headers */ = {isa = PBXBuildFile; fileRef = 8D7629A01ED3D58C00172CFF /* KineticControl.h */; };
		8D7629A71ED3D58C00172CFF /* KineticInRide.h in Headers */ = {isa = PBXBuildFile; fileRef = 8D7629A11ED3D58C00172CFF /* KineticInRide.h */; };
		8D7629A81ED3D58C00172CFF /* KineticSDK.h in Headers */ = {isa = PBXBuildFile; fileRef = 8D7629A21ED3D58C00172CFF /* KineticSDK.h */; };
		8D7629A91ED3D58C00172CFF /* libKineticSDK.a in Frameworks */ = {isa = PBXBuildFile; fileRef = 8D7629A41ED3D58C00172CFF /* libKineticSDK.a */; };
		8D7629B21ED3D59900172CFF /* InRide2Service.swift in Sources */ = {isa = PBXBuildFile; fileRef = 8D7629AB1ED3D59900172CFF /* InRide2Service.swift */; };
		8D7629B31ED3D59900172CFF /* SmartControlService.swift in Sources */ = {isa = PBXBuildFile; fileRef = 8D7629AC1ED3D59900172CFF /* SmartControlService.swift */; };
		8D7629B41ED3D59900172CFF /* TacxSerializer.swift in Sources */ = {isa = PBXBuildFile; fileRef = 8D7629AD1ED3D59900172CFF /* TacxSerializer.swift */; };
		8D7629B51ED3D59900172CFF /* TacxService.swift in Sources */ = {isa = PBXBuildFile; fileRef = 8D7629AE1ED3D59900172CFF /* TacxService.swift */; };
		8D7629B61ED3D59900172CFF /* Trainers-Bridging-Header.h in Headers */ = {isa = PBXBuildFile; fileRef = 8D7629AF1ED3D59900172CFF /* Trainers-Bridging-Header.h */; };
		8D7629B71ED3D59900172CFF /* WahooTrainerCharacteristic.swift in Sources */ = {isa = PBXBuildFile; fileRef = 8D7629B01ED3D59900172CFF /* WahooTrainerCharacteristic.swift */; };
		8D7629B81ED3D59900172CFF /* WahooTrainerSerializer.swift in Sources */ = {isa = PBXBuildFile; fileRef = 8D7629B11ED3D59900172CFF /* WahooTrainerSerializer.swift */; };
/* End PBXBuildFile section */

/* Begin PBXFileReference section */
		10F72E2DD4C28F17FD227581 /* Pods_SwiftySensorsTrainers_iOS.framework */ = {isa = PBXFileReference; explicitFileType = wrapper.framework; includeInIndex = 0; path = Pods_SwiftySensorsTrainers_iOS.framework; sourceTree = BUILT_PRODUCTS_DIR; };
		673EF851C43D27CB2076E952 /* Pods-SwiftySensorsTrainers macOS.debug.xcconfig */ = {isa = PBXFileReference; includeInIndex = 1; lastKnownFileType = text.xcconfig; name = "Pods-SwiftySensorsTrainers macOS.debug.xcconfig"; path = "Pods/Target Support Files/Pods-SwiftySensorsTrainers macOS/Pods-SwiftySensorsTrainers macOS.debug.xcconfig"; sourceTree = "<group>"; };
		80EFB613F0EC4EF0E0C9EE72 /* Pods-SwiftySensorsTrainers macOS.release.xcconfig */ = {isa = PBXFileReference; includeInIndex = 1; lastKnownFileType = text.xcconfig; name = "Pods-SwiftySensorsTrainers macOS.release.xcconfig"; path = "Pods/Target Support Files/Pods-SwiftySensorsTrainers macOS/Pods-SwiftySensorsTrainers macOS.release.xcconfig"; sourceTree = "<group>"; };
		8D4566281ED7B85C00B056BF /* CycleOpsSerializer.swift */ = {isa = PBXFileReference; fileEncoding = 4; lastKnownFileType = sourcecode.swift; name = CycleOpsSerializer.swift; path = Source/CycleOpsSerializer.swift; sourceTree = SOURCE_ROOT; };
		8D4566291ED7B85C00B056BF /* CycleOpsService.swift */ = {isa = PBXFileReference; fileEncoding = 4; lastKnownFileType = sourcecode.swift; name = CycleOpsService.swift; path = Source/CycleOpsService.swift; sourceTree = SOURCE_ROOT; };
		8D722AE81ED4BBB5003C871E /* SwiftySensorsTrainers.framework */ = {isa = PBXFileReference; explicitFileType = wrapper.framework; includeInIndex = 0; path = SwiftySensorsTrainers.framework; sourceTree = BUILT_PRODUCTS_DIR; };
		8D722AFB1ED4BCC3003C871E /* Info.plist */ = {isa = PBXFileReference; fileEncoding = 4; lastKnownFileType = text.plist.xml; name = Info.plist; path = Source/Info.plist; sourceTree = SOURCE_ROOT; };
		8D76297A1ED3D3D000172CFF /* SwiftySensorsTrainers.framework */ = {isa = PBXFileReference; explicitFileType = wrapper.framework; includeInIndex = 0; path = SwiftySensorsTrainers.framework; sourceTree = BUILT_PRODUCTS_DIR; };
		8D7629A01ED3D58C00172CFF /* KineticControl.h */ = {isa = PBXFileReference; fileEncoding = 4; lastKnownFileType = sourcecode.c.h; path = KineticControl.h; sourceTree = "<group>"; };
		8D7629A11ED3D58C00172CFF /* KineticInRide.h */ = {isa = PBXFileReference; fileEncoding = 4; lastKnownFileType = sourcecode.c.h; path = KineticInRide.h; sourceTree = "<group>"; };
		8D7629A21ED3D58C00172CFF /* KineticSDK.h */ = {isa = PBXFileReference; fileEncoding = 4; lastKnownFileType = sourcecode.c.h; path = KineticSDK.h; sourceTree = "<group>"; };
		8D7629A41ED3D58C00172CFF /* libKineticSDK.a */ = {isa = PBXFileReference; lastKnownFileType = archive.ar; path = libKineticSDK.a; sourceTree = "<group>"; };
		8D7629A51ED3D58C00172CFF /* libKineticSDKCocoa.a */ = {isa = PBXFileReference; lastKnownFileType = archive.ar; path = libKineticSDKCocoa.a; sourceTree = "<group>"; };
		8D7629AB1ED3D59900172CFF /* InRide2Service.swift */ = {isa = PBXFileReference; fileEncoding = 4; lastKnownFileType = sourcecode.swift; name = InRide2Service.swift; path = Source/InRide2Service.swift; sourceTree = SOURCE_ROOT; };
		8D7629AC1ED3D59900172CFF /* SmartControlService.swift */ = {isa = PBXFileReference; fileEncoding = 4; lastKnownFileType = sourcecode.swift; name = SmartControlService.swift; path = Source/SmartControlService.swift; sourceTree = SOURCE_ROOT; };
		8D7629AD1ED3D59900172CFF /* TacxSerializer.swift */ = {isa = PBXFileReference; fileEncoding = 4; lastKnownFileType = sourcecode.swift; name = TacxSerializer.swift; path = Source/TacxSerializer.swift; sourceTree = SOURCE_ROOT; };
		8D7629AE1ED3D59900172CFF /* TacxService.swift */ = {isa = PBXFileReference; fileEncoding = 4; lastKnownFileType = sourcecode.swift; name = TacxService.swift; path = Source/TacxService.swift; sourceTree = SOURCE_ROOT; };
		8D7629AF1ED3D59900172CFF /* Trainers-Bridging-Header.h */ = {isa = PBXFileReference; fileEncoding = 4; lastKnownFileType = sourcecode.c.h; name = "Trainers-Bridging-Header.h"; path = "Source/Trainers-Bridging-Header.h"; sourceTree = SOURCE_ROOT; };
		8D7629B01ED3D59900172CFF /* WahooTrainerCharacteristic.swift */ = {isa = PBXFileReference; fileEncoding = 4; lastKnownFileType = sourcecode.swift; name = WahooTrainerCharacteristic.swift; path = Source/WahooTrainerCharacteristic.swift; sourceTree = SOURCE_ROOT; };
		8D7629B11ED3D59900172CFF /* WahooTrainerSerializer.swift */ = {isa = PBXFileReference; fileEncoding = 4; lastKnownFileType = sourcecode.swift; name = WahooTrainerSerializer.swift; path = Source/WahooTrainerSerializer.swift; sourceTree = SOURCE_ROOT; };
		E0A7B4CDB09F32E65C19D54D /* Pods-SwiftySensorsTrainers iOS.debug.xcconfig */ = {isa = PBXFileReference; includeInIndex = 1; lastKnownFileType = text.xcconfig; name = "Pods-SwiftySensorsTrainers iOS.debug.xcconfig"; path = "Pods/Target Support Files/Pods-SwiftySensorsTrainers iOS/Pods-SwiftySensorsTrainers iOS.debug.xcconfig"; sourceTree = "<group>"; };
		EFA1AC9FFD7F193D53E2022D /* Pods_SwiftySensorsTrainers_macOS.framework */ = {isa = PBXFileReference; explicitFileType = wrapper.framework; includeInIndex = 0; path = Pods_SwiftySensorsTrainers_macOS.framework; sourceTree = BUILT_PRODUCTS_DIR; };
		F1FCBADA13490687EC768F95 /* Pods-SwiftySensorsTrainers iOS.release.xcconfig */ = {isa = PBXFileReference; includeInIndex = 1; lastKnownFileType = text.xcconfig; name = "Pods-SwiftySensorsTrainers iOS.release.xcconfig"; path = "Pods/Target Support Files/Pods-SwiftySensorsTrainers iOS/Pods-SwiftySensorsTrainers iOS.release.xcconfig"; sourceTree = "<group>"; };
/* End PBXFileReference section */

/* Begin PBXFrameworksBuildPhase section */
		8D722AE41ED4BBB5003C871E /* Frameworks */ = {
			isa = PBXFrameworksBuildPhase;
			buildActionMask = 2147483647;
			files = (
				8D722AF31ED4BBF2003C871E /* libKineticSDKCocoa.a in Frameworks */,
				2C3341E8067C395FF8158157 /* Pods_SwiftySensorsTrainers_macOS.framework in Frameworks */,
			);
			runOnlyForDeploymentPostprocessing = 0;
		};
		8D7629761ED3D3D000172CFF /* Frameworks */ = {
			isa = PBXFrameworksBuildPhase;
			buildActionMask = 2147483647;
			files = (
				8D7629A91ED3D58C00172CFF /* libKineticSDK.a in Frameworks */,
				234C60E2596441B98BAA735D /* Pods_SwiftySensorsTrainers_iOS.framework in Frameworks */,
			);
			runOnlyForDeploymentPostprocessing = 0;
		};
/* End PBXFrameworksBuildPhase section */

/* Begin PBXGroup section */
		6B65B7599719D378278CF552 /* Frameworks */ = {
			isa = PBXGroup;
			children = (
				10F72E2DD4C28F17FD227581 /* Pods_SwiftySensorsTrainers_iOS.framework */,
				EFA1AC9FFD7F193D53E2022D /* Pods_SwiftySensorsTrainers_macOS.framework */,
			);
			name = Frameworks;
			sourceTree = "<group>";
		};
		8D7629701ED3D3D000172CFF = {
			isa = PBXGroup;
			children = (
				8D76299F1ED3D58C00172CFF /* Headers */,
				8D7629A31ED3D58C00172CFF /* Libraries */,
				8D76297C1ED3D3D000172CFF /* SwiftySensorsTrainers */,
				8D76297B1ED3D3D000172CFF /* Products */,
				BF485818211801EDC7E15096 /* Pods */,
				6B65B7599719D378278CF552 /* Frameworks */,
			);
			sourceTree = "<group>";
		};
		8D76297B1ED3D3D000172CFF /* Products */ = {
			isa = PBXGroup;
			children = (
				8D76297A1ED3D3D000172CFF /* SwiftySensorsTrainers.framework */,
				8D722AE81ED4BBB5003C871E /* SwiftySensorsTrainers.framework */,
			);
			name = Products;
			sourceTree = "<group>";
		};
		8D76297C1ED3D3D000172CFF /* SwiftySensorsTrainers */ = {
			isa = PBXGroup;
			children = (
				8D722AFB1ED4BCC3003C871E /* Info.plist */,
				8D4566281ED7B85C00B056BF /* CycleOpsSerializer.swift */,
				8D4566291ED7B85C00B056BF /* CycleOpsService.swift */,
				8D7629AB1ED3D59900172CFF /* InRide2Service.swift */,
				8D7629AC1ED3D59900172CFF /* SmartControlService.swift */,
				8D7629AD1ED3D59900172CFF /* TacxSerializer.swift */,
				8D7629AE1ED3D59900172CFF /* TacxService.swift */,
				8D7629AF1ED3D59900172CFF /* Trainers-Bridging-Header.h */,
				8D7629B01ED3D59900172CFF /* WahooTrainerCharacteristic.swift */,
				8D7629B11ED3D59900172CFF /* WahooTrainerSerializer.swift */,
			);
			path = SwiftySensorsTrainers;
			sourceTree = "<group>";
		};
		8D76299F1ED3D58C00172CFF /* Headers */ = {
			isa = PBXGroup;
			children = (
				8D7629A01ED3D58C00172CFF /* KineticControl.h */,
				8D7629A11ED3D58C00172CFF /* KineticInRide.h */,
				8D7629A21ED3D58C00172CFF /* KineticSDK.h */,
			);
			path = Headers;
			sourceTree = "<group>";
		};
		8D7629A31ED3D58C00172CFF /* Libraries */ = {
			isa = PBXGroup;
			children = (
				8D7629A41ED3D58C00172CFF /* libKineticSDK.a */,
				8D7629A51ED3D58C00172CFF /* libKineticSDKCocoa.a */,
			);
			path = Libraries;
			sourceTree = "<group>";
		};
		BF485818211801EDC7E15096 /* Pods */ = {
			isa = PBXGroup;
			children = (
				E0A7B4CDB09F32E65C19D54D /* Pods-SwiftySensorsTrainers iOS.debug.xcconfig */,
				F1FCBADA13490687EC768F95 /* Pods-SwiftySensorsTrainers iOS.release.xcconfig */,
				673EF851C43D27CB2076E952 /* Pods-SwiftySensorsTrainers macOS.debug.xcconfig */,
				80EFB613F0EC4EF0E0C9EE72 /* Pods-SwiftySensorsTrainers macOS.release.xcconfig */,
			);
			name = Pods;
			sourceTree = "<group>";
		};
/* End PBXGroup section */

/* Begin PBXHeadersBuildPhase section */
		8D722AE51ED4BBB5003C871E /* Headers */ = {
			isa = PBXHeadersBuildPhase;
			buildActionMask = 2147483647;
			files = (
				8D722AF01ED4BBEC003C871E /* KineticControl.h in Headers */,
				8D722AF81ED4BBF7003C871E /* Trainers-Bridging-Header.h in Headers */,
				8D722AF11ED4BBEC003C871E /* KineticInRide.h in Headers */,
				8D722AF21ED4BBEC003C871E /* KineticSDK.h in Headers */,
			);
			runOnlyForDeploymentPostprocessing = 0;
		};
		8D7629771ED3D3D000172CFF /* Headers */ = {
			isa = PBXHeadersBuildPhase;
			buildActionMask = 2147483647;
			files = (
				8D7629A61ED3D58C00172CFF /* KineticControl.h in Headers */,
				8D7629B61ED3D59900172CFF /* Trainers-Bridging-Header.h in Headers */,
				8D7629A71ED3D58C00172CFF /* KineticInRide.h in Headers */,
				8D7629A81ED3D58C00172CFF /* KineticSDK.h in Headers */,
			);
			runOnlyForDeploymentPostprocessing = 0;
		};
/* End PBXHeadersBuildPhase section */

/* Begin PBXNativeTarget section */
		8D722AE71ED4BBB5003C871E /* SwiftySensorsTrainers macOS */ = {
			isa = PBXNativeTarget;
			buildConfigurationList = 8D722AEF1ED4BBB5003C871E /* Build configuration list for PBXNativeTarget "SwiftySensorsTrainers macOS" */;
			buildPhases = (
				819D76DF43031906C6AFE9BC /* [CP] Check Pods Manifest.lock */,
				8D722AE31ED4BBB5003C871E /* Sources */,
				8D722AE41ED4BBB5003C871E /* Frameworks */,
				8D722AE51ED4BBB5003C871E /* Headers */,
				8D722AE61ED4BBB5003C871E /* Resources */,
				FF1A303DC134EE70658D7EAC /* [CP] Copy Pods Resources */,
			);
			buildRules = (
			);
			dependencies = (
			);
			name = "SwiftySensorsTrainers macOS";
			productName = SwiftySensorsTrainers;
			productReference = 8D722AE81ED4BBB5003C871E /* SwiftySensorsTrainers.framework */;
			productType = "com.apple.product-type.framework";
		};
		8D7629791ED3D3D000172CFF /* SwiftySensorsTrainers iOS */ = {
			isa = PBXNativeTarget;
			buildConfigurationList = 8D7629821ED3D3D000172CFF /* Build configuration list for PBXNativeTarget "SwiftySensorsTrainers iOS" */;
			buildPhases = (
				25043A4E4233120EF19F0470 /* [CP] Check Pods Manifest.lock */,
				8D7629751ED3D3D000172CFF /* Sources */,
				8D7629761ED3D3D000172CFF /* Frameworks */,
				8D7629771ED3D3D000172CFF /* Headers */,
				8D7629781ED3D3D000172CFF /* Resources */,
				BD91EF26C0EB9891DE4A9F4A /* [CP] Copy Pods Resources */,
			);
			buildRules = (
			);
			dependencies = (
			);
			name = "SwiftySensorsTrainers iOS";
			productName = SwiftySensorsTrainers;
			productReference = 8D76297A1ED3D3D000172CFF /* SwiftySensorsTrainers.framework */;
			productType = "com.apple.product-type.framework";
		};
/* End PBXNativeTarget section */

/* Begin PBXProject section */
		8D7629711ED3D3D000172CFF /* Project object */ = {
			isa = PBXProject;
			attributes = {
				LastUpgradeCheck = 0830;
				ORGANIZATIONNAME = Kinetic;
				TargetAttributes = {
					8D722AE71ED4BBB5003C871E = {
						CreatedOnToolsVersion = 8.3.2;
						ProvisioningStyle = Automatic;
					};
					8D7629791ED3D3D000172CFF = {
						CreatedOnToolsVersion = 8.3.2;
						LastSwiftMigration = 0830;
						ProvisioningStyle = Automatic;
					};
				};
			};
			buildConfigurationList = 8D7629741ED3D3D000172CFF /* Build configuration list for PBXProject "SwiftySensorsTrainers" */;
			compatibilityVersion = "Xcode 3.2";
			developmentRegion = English;
			hasScannedForEncodings = 0;
			knownRegions = (
				en,
			);
			mainGroup = 8D7629701ED3D3D000172CFF;
			productRefGroup = 8D76297B1ED3D3D000172CFF /* Products */;
			projectDirPath = "";
			projectRoot = "";
			targets = (
				8D7629791ED3D3D000172CFF /* SwiftySensorsTrainers iOS */,
				8D722AE71ED4BBB5003C871E /* SwiftySensorsTrainers macOS */,
			);
		};
/* End PBXProject section */

/* Begin PBXResourcesBuildPhase section */
		8D722AE61ED4BBB5003C871E /* Resources */ = {
			isa = PBXResourcesBuildPhase;
			buildActionMask = 2147483647;
			files = (
			);
			runOnlyForDeploymentPostprocessing = 0;
		};
		8D7629781ED3D3D000172CFF /* Resources */ = {
			isa = PBXResourcesBuildPhase;
			buildActionMask = 2147483647;
			files = (
			);
			runOnlyForDeploymentPostprocessing = 0;
		};
/* End PBXResourcesBuildPhase section */

/* Begin PBXShellScriptBuildPhase section */
		25043A4E4233120EF19F0470 /* [CP] Check Pods Manifest.lock */ = {
			isa = PBXShellScriptBuildPhase;
			buildActionMask = 2147483647;
			files = (
			);
			inputPaths = (
			);
			name = "[CP] Check Pods Manifest.lock";
			outputPaths = (
			);
			runOnlyForDeploymentPostprocessing = 0;
			shellPath = /bin/sh;
			shellScript = "diff \"${PODS_PODFILE_DIR_PATH}/Podfile.lock\" \"${PODS_ROOT}/Manifest.lock\" > /dev/null\nif [ $? != 0 ] ; then\n    # print error to STDERR\n    echo \"error: The sandbox is not in sync with the Podfile.lock. Run 'pod install' or update your CocoaPods installation.\" >&2\n    exit 1\nfi\n";
			showEnvVarsInLog = 0;
		};
		819D76DF43031906C6AFE9BC /* [CP] Check Pods Manifest.lock */ = {
			isa = PBXShellScriptBuildPhase;
			buildActionMask = 2147483647;
			files = (
			);
			inputPaths = (
			);
			name = "[CP] Check Pods Manifest.lock";
			outputPaths = (
			);
			runOnlyForDeploymentPostprocessing = 0;
			shellPath = /bin/sh;
			shellScript = "diff \"${PODS_PODFILE_DIR_PATH}/Podfile.lock\" \"${PODS_ROOT}/Manifest.lock\" > /dev/null\nif [ $? != 0 ] ; then\n    # print error to STDERR\n    echo \"error: The sandbox is not in sync with the Podfile.lock. Run 'pod install' or update your CocoaPods installation.\" >&2\n    exit 1\nfi\n";
			showEnvVarsInLog = 0;
		};
		BD91EF26C0EB9891DE4A9F4A /* [CP] Copy Pods Resources */ = {
			isa = PBXShellScriptBuildPhase;
			buildActionMask = 2147483647;
			files = (
			);
			inputPaths = (
			);
			name = "[CP] Copy Pods Resources";
			outputPaths = (
			);
			runOnlyForDeploymentPostprocessing = 0;
			shellPath = /bin/sh;
			shellScript = "\"${SRCROOT}/Pods/Target Support Files/Pods-SwiftySensorsTrainers iOS/Pods-SwiftySensorsTrainers iOS-resources.sh\"\n";
			showEnvVarsInLog = 0;
		};
		FF1A303DC134EE70658D7EAC /* [CP] Copy Pods Resources */ = {
			isa = PBXShellScriptBuildPhase;
			buildActionMask = 2147483647;
			files = (
			);
			inputPaths = (
			);
			name = "[CP] Copy Pods Resources";
			outputPaths = (
			);
			runOnlyForDeploymentPostprocessing = 0;
			shellPath = /bin/sh;
			shellScript = "\"${SRCROOT}/Pods/Target Support Files/Pods-SwiftySensorsTrainers macOS/Pods-SwiftySensorsTrainers macOS-resources.sh\"\n";
			showEnvVarsInLog = 0;
		};
/* End PBXShellScriptBuildPhase section */

/* Begin PBXSourcesBuildPhase section */
		8D722AE31ED4BBB5003C871E /* Sources */ = {
			isa = PBXSourcesBuildPhase;
			buildActionMask = 2147483647;
			files = (
				8D45662B1ED7B85C00B056BF /* CycleOpsSerializer.swift in Sources */,
				8D722AFA1ED4BBF7003C871E /* WahooTrainerSerializer.swift in Sources */,
				8D722AF61ED4BBF7003C871E /* TacxSerializer.swift in Sources */,
				8D45662D1ED7B85C00B056BF /* CycleOpsService.swift in Sources */,
				8D722AF71ED4BBF7003C871E /* TacxService.swift in Sources */,
				8D722AF91ED4BBF7003C871E /* WahooTrainerCharacteristic.swift in Sources */,
				8D722AF41ED4BBF7003C871E /* InRide2Service.swift in Sources */,
				8D722AF51ED4BBF7003C871E /* SmartControlService.swift in Sources */,
			);
			runOnlyForDeploymentPostprocessing = 0;
		};
		8D7629751ED3D3D000172CFF /* Sources */ = {
			isa = PBXSourcesBuildPhase;
			buildActionMask = 2147483647;
			files = (
				8D45662A1ED7B85C00B056BF /* CycleOpsSerializer.swift in Sources */,
				8D7629B81ED3D59900172CFF /* WahooTrainerSerializer.swift in Sources */,
				8D7629B41ED3D59900172CFF /* TacxSerializer.swift in Sources */,
				8D45662C1ED7B85C00B056BF /* CycleOpsService.swift in Sources */,
				8D7629B51ED3D59900172CFF /* TacxService.swift in Sources */,
				8D7629B71ED3D59900172CFF /* WahooTrainerCharacteristic.swift in Sources */,
				8D7629B21ED3D59900172CFF /* InRide2Service.swift in Sources */,
				8D7629B31ED3D59900172CFF /* SmartControlService.swift in Sources */,
			);
			runOnlyForDeploymentPostprocessing = 0;
		};
/* End PBXSourcesBuildPhase section */

/* Begin XCBuildConfiguration section */
		8D722AED1ED4BBB5003C871E /* Debug */ = {
			isa = XCBuildConfiguration;
			baseConfigurationReference = 673EF851C43D27CB2076E952 /* Pods-SwiftySensorsTrainers macOS.debug.xcconfig */;
			buildSettings = {
				CODE_SIGN_IDENTITY = "-";
				COMBINE_HIDPI_IMAGES = YES;
				DEFINES_MODULE = YES;
				DYLIB_COMPATIBILITY_VERSION = 1;
				DYLIB_CURRENT_VERSION = 1;
				DYLIB_INSTALL_NAME_BASE = "@rpath";
				FRAMEWORK_VERSION = A;
				INFOPLIST_FILE = Source/Info.plist;
				INSTALL_PATH = "$(LOCAL_LIBRARY_DIR)/Frameworks";
				LD_RUNPATH_SEARCH_PATHS = "$(inherited) @executable_path/../Frameworks @loader_path/Frameworks";
				LIBRARY_SEARCH_PATHS = (
					"$(inherited)",
					"$(PROJECT_DIR)/Libraries",
				);
				MACOSX_DEPLOYMENT_TARGET = 10.12;
				PRODUCT_BUNDLE_IDENTIFIER = com.kinetic.SwiftySensorsTrainers;
				PRODUCT_NAME = SwiftySensorsTrainers;
				SDKROOT = macosx;
				SKIP_INSTALL = YES;
				SWIFT_OBJC_BRIDGING_HEADER = "$(SRCROOT)/Source/Trainers-Bridging-Header.h";
				SWIFT_VERSION = 3.0;
			};
			name = Debug;
		};
		8D722AEE1ED4BBB5003C871E /* Release */ = {
			isa = XCBuildConfiguration;
			baseConfigurationReference = 80EFB613F0EC4EF0E0C9EE72 /* Pods-SwiftySensorsTrainers macOS.release.xcconfig */;
			buildSettings = {
				CODE_SIGN_IDENTITY = "-";
				COMBINE_HIDPI_IMAGES = YES;
				DEFINES_MODULE = YES;
				DYLIB_COMPATIBILITY_VERSION = 1;
				DYLIB_CURRENT_VERSION = 1;
				DYLIB_INSTALL_NAME_BASE = "@rpath";
				FRAMEWORK_VERSION = A;
				INFOPLIST_FILE = Source/Info.plist;
				INSTALL_PATH = "$(LOCAL_LIBRARY_DIR)/Frameworks";
				LD_RUNPATH_SEARCH_PATHS = "$(inherited) @executable_path/../Frameworks @loader_path/Frameworks";
				LIBRARY_SEARCH_PATHS = (
					"$(inherited)",
					"$(PROJECT_DIR)/Libraries",
				);
				MACOSX_DEPLOYMENT_TARGET = 10.12;
				PRODUCT_BUNDLE_IDENTIFIER = com.kinetic.SwiftySensorsTrainers;
				PRODUCT_NAME = SwiftySensorsTrainers;
				SDKROOT = macosx;
				SKIP_INSTALL = YES;
				SWIFT_OBJC_BRIDGING_HEADER = "$(SRCROOT)/Source/Trainers-Bridging-Header.h";
				SWIFT_VERSION = 3.0;
			};
			name = Release;
		};
		8D7629801ED3D3D000172CFF /* Debug */ = {
			isa = XCBuildConfiguration;
			buildSettings = {
				ALWAYS_SEARCH_USER_PATHS = NO;
				CLANG_ANALYZER_NONNULL = YES;
				CLANG_ANALYZER_NUMBER_OBJECT_CONVERSION = YES_AGGRESSIVE;
				CLANG_CXX_LANGUAGE_STANDARD = "gnu++0x";
				CLANG_CXX_LIBRARY = "libc++";
				CLANG_ENABLE_MODULES = YES;
				CLANG_ENABLE_OBJC_ARC = YES;
				CLANG_WARN_BOOL_CONVERSION = YES;
				CLANG_WARN_CONSTANT_CONVERSION = YES;
				CLANG_WARN_DIRECT_OBJC_ISA_USAGE = YES_ERROR;
				CLANG_WARN_DOCUMENTATION_COMMENTS = YES;
				CLANG_WARN_EMPTY_BODY = YES;
				CLANG_WARN_ENUM_CONVERSION = YES;
				CLANG_WARN_INFINITE_RECURSION = YES;
				CLANG_WARN_INT_CONVERSION = YES;
				CLANG_WARN_OBJC_ROOT_CLASS = YES_ERROR;
				CLANG_WARN_SUSPICIOUS_MOVE = YES;
				CLANG_WARN_UNREACHABLE_CODE = YES;
				CLANG_WARN__DUPLICATE_METHOD_MATCH = YES;
				"CODE_SIGN_IDENTITY[sdk=iphoneos*]" = "iPhone Developer";
				COPY_PHASE_STRIP = NO;
				CURRENT_PROJECT_VERSION = 1;
				DEBUG_INFORMATION_FORMAT = dwarf;
				ENABLE_STRICT_OBJC_MSGSEND = YES;
				ENABLE_TESTABILITY = YES;
				GCC_C_LANGUAGE_STANDARD = gnu99;
				GCC_DYNAMIC_NO_PIC = NO;
				GCC_NO_COMMON_BLOCKS = YES;
				GCC_OPTIMIZATION_LEVEL = 0;
				GCC_PREPROCESSOR_DEFINITIONS = (
					"DEBUG=1",
					"$(inherited)",
				);
				GCC_WARN_64_TO_32_BIT_CONVERSION = YES;
				GCC_WARN_ABOUT_RETURN_TYPE = YES_ERROR;
				GCC_WARN_UNDECLARED_SELECTOR = YES;
				GCC_WARN_UNINITIALIZED_AUTOS = YES_AGGRESSIVE;
				GCC_WARN_UNUSED_FUNCTION = YES;
				GCC_WARN_UNUSED_VARIABLE = YES;
				IPHONEOS_DEPLOYMENT_TARGET = 10.3;
				MTL_ENABLE_DEBUG_INFO = YES;
				ONLY_ACTIVE_ARCH = YES;
				SDKROOT = iphoneos;
				SWIFT_ACTIVE_COMPILATION_CONDITIONS = DEBUG;
				SWIFT_OPTIMIZATION_LEVEL = "-Onone";
				TARGETED_DEVICE_FAMILY = "1,2";
				VERSIONING_SYSTEM = "apple-generic";
				VERSION_INFO_PREFIX = "";
			};
			name = Debug;
		};
		8D7629811ED3D3D000172CFF /* Release */ = {
			isa = XCBuildConfiguration;
			buildSettings = {
				ALWAYS_SEARCH_USER_PATHS = NO;
				CLANG_ANALYZER_NONNULL = YES;
				CLANG_ANALYZER_NUMBER_OBJECT_CONVERSION = YES_AGGRESSIVE;
				CLANG_CXX_LANGUAGE_STANDARD = "gnu++0x";
				CLANG_CXX_LIBRARY = "libc++";
				CLANG_ENABLE_MODULES = YES;
				CLANG_ENABLE_OBJC_ARC = YES;
				CLANG_WARN_BOOL_CONVERSION = YES;
				CLANG_WARN_CONSTANT_CONVERSION = YES;
				CLANG_WARN_DIRECT_OBJC_ISA_USAGE = YES_ERROR;
				CLANG_WARN_DOCUMENTATION_COMMENTS = YES;
				CLANG_WARN_EMPTY_BODY = YES;
				CLANG_WARN_ENUM_CONVERSION = YES;
				CLANG_WARN_INFINITE_RECURSION = YES;
				CLANG_WARN_INT_CONVERSION = YES;
				CLANG_WARN_OBJC_ROOT_CLASS = YES_ERROR;
				CLANG_WARN_SUSPICIOUS_MOVE = YES;
				CLANG_WARN_UNREACHABLE_CODE = YES;
				CLANG_WARN__DUPLICATE_METHOD_MATCH = YES;
				"CODE_SIGN_IDENTITY[sdk=iphoneos*]" = "iPhone Developer";
				COPY_PHASE_STRIP = NO;
				CURRENT_PROJECT_VERSION = 1;
				DEBUG_INFORMATION_FORMAT = "dwarf-with-dsym";
				ENABLE_NS_ASSERTIONS = NO;
				ENABLE_STRICT_OBJC_MSGSEND = YES;
				GCC_C_LANGUAGE_STANDARD = gnu99;
				GCC_NO_COMMON_BLOCKS = YES;
				GCC_WARN_64_TO_32_BIT_CONVERSION = YES;
				GCC_WARN_ABOUT_RETURN_TYPE = YES_ERROR;
				GCC_WARN_UNDECLARED_SELECTOR = YES;
				GCC_WARN_UNINITIALIZED_AUTOS = YES_AGGRESSIVE;
				GCC_WARN_UNUSED_FUNCTION = YES;
				GCC_WARN_UNUSED_VARIABLE = YES;
				IPHONEOS_DEPLOYMENT_TARGET = 10.3;
				MTL_ENABLE_DEBUG_INFO = NO;
				SDKROOT = iphoneos;
				SWIFT_OPTIMIZATION_LEVEL = "-Owholemodule";
				TARGETED_DEVICE_FAMILY = "1,2";
				VALIDATE_PRODUCT = YES;
				VERSIONING_SYSTEM = "apple-generic";
				VERSION_INFO_PREFIX = "";
			};
			name = Release;
		};
		8D7629831ED3D3D000172CFF /* Debug */ = {
			isa = XCBuildConfiguration;
			baseConfigurationReference = E0A7B4CDB09F32E65C19D54D /* Pods-SwiftySensorsTrainers iOS.debug.xcconfig */;
			buildSettings = {
				CLANG_ENABLE_MODULES = YES;
				CODE_SIGN_IDENTITY = "";
				"CODE_SIGN_IDENTITY[sdk=iphoneos*]" = "iPhone Developer";
				DEFINES_MODULE = YES;
				DEVELOPMENT_TEAM = "";
				DYLIB_COMPATIBILITY_VERSION = 1;
				DYLIB_CURRENT_VERSION = 1;
				DYLIB_INSTALL_NAME_BASE = "@rpath";
				INFOPLIST_FILE = Source/Info.plist;
				INSTALL_PATH = "$(LOCAL_LIBRARY_DIR)/Frameworks";
				LD_RUNPATH_SEARCH_PATHS = "$(inherited) @executable_path/Frameworks @loader_path/Frameworks";
				LIBRARY_SEARCH_PATHS = (
					"$(inherited)",
					"$(PROJECT_DIR)/Libraries",
				);
				PRODUCT_BUNDLE_IDENTIFIER = com.kinetic.SwiftySensorsTrainers;
				PRODUCT_NAME = SwiftySensorsTrainers;
				PROVISIONING_PROFILE_SPECIFIER = "";
				SKIP_INSTALL = YES;
				SWIFT_OBJC_BRIDGING_HEADER = "$(SRCROOT)/Source/Trainers-Bridging-Header.h";
				SWIFT_OPTIMIZATION_LEVEL = "-Onone";
				SWIFT_VERSION = 3.0;
			};
			name = Debug;
		};
		8D7629841ED3D3D000172CFF /* Release */ = {
			isa = XCBuildConfiguration;
			baseConfigurationReference = F1FCBADA13490687EC768F95 /* Pods-SwiftySensorsTrainers iOS.release.xcconfig */;
			buildSettings = {
				CLANG_ENABLE_MODULES = YES;
				CODE_SIGN_IDENTITY = "";
				"CODE_SIGN_IDENTITY[sdk=iphoneos*]" = "iPhone Developer";
				DEFINES_MODULE = YES;
				DEVELOPMENT_TEAM = "";
				DYLIB_COMPATIBILITY_VERSION = 1;
				DYLIB_CURRENT_VERSION = 1;
				DYLIB_INSTALL_NAME_BASE = "@rpath";
				INFOPLIST_FILE = Source/Info.plist;
				INSTALL_PATH = "$(LOCAL_LIBRARY_DIR)/Frameworks";
				LD_RUNPATH_SEARCH_PATHS = "$(inherited) @executable_path/Frameworks @loader_path/Frameworks";
				LIBRARY_SEARCH_PATHS = (
					"$(inherited)",
					"$(PROJECT_DIR)/Libraries",
				);
				PRODUCT_BUNDLE_IDENTIFIER = com.kinetic.SwiftySensorsTrainers;
				PRODUCT_NAME = SwiftySensorsTrainers;
				PROVISIONING_PROFILE_SPECIFIER = "";
				SKIP_INSTALL = YES;
				SWIFT_OBJC_BRIDGING_HEADER = "$(SRCROOT)/Source/Trainers-Bridging-Header.h";
				SWIFT_VERSION = 3.0;
			};
			name = Release;
		};
/* End XCBuildConfiguration section */

/* Begin XCConfigurationList section */
		8D722AEF1ED4BBB5003C871E /* Build configuration list for PBXNativeTarget "SwiftySensorsTrainers macOS" */ = {
			isa = XCConfigurationList;
			buildConfigurations = (
				8D722AED1ED4BBB5003C871E /* Debug */,
				8D722AEE1ED4BBB5003C871E /* Release */,
			);
			defaultConfigurationIsVisible = 0;
			defaultConfigurationName = Release;
		};
		8D7629741ED3D3D000172CFF /* Build configuration list for PBXProject "SwiftySensorsTrainers" */ = {
			isa = XCConfigurationList;
			buildConfigurations = (
				8D7629801ED3D3D000172CFF /* Debug */,
				8D7629811ED3D3D000172CFF /* Release */,
			);
			defaultConfigurationIsVisible = 0;
			defaultConfigurationName = Release;
		};
		8D7629821ED3D3D000172CFF /* Build configuration list for PBXNativeTarget "SwiftySensorsTrainers iOS" */ = {
			isa = XCConfigurationList;
			buildConfigurations = (
				8D7629831ED3D3D000172CFF /* Debug */,
				8D7629841ED3D3D000172CFF /* Release */,
			);
			defaultConfigurationIsVisible = 0;
			defaultConfigurationName = Release;
		};
/* End XCConfigurationList section */
	};
	rootObject = 8D7629711ED3D3D000172CFF /* Project object */;
}
